
Microsoft Visual Studio Solution File, Format Version 12.00
# Visual Studio Version 16
VisualStudioVersion = 16.0.33027.164
MinimumVisualStudioVersion = 10.0.40219.1
Project("{FAE04EC0-301F-11D3-BF4B-00C04F79EFBC}") = "FileUtil.vsix", "FileUtil.vsix.csproj", "{8CB15BEB-6574-4EA4-B40F-2CCE61A576E0}"
EndProject
Global
	GlobalSection(SolutionConfigurationPlatforms) = preSolution
		Debug|Any CPU = Debug|Any CPU
		Release|Any CPU = Release|Any CPU
	EndGlobalSection
	GlobalSection(ProjectConfigurationPlatforms) = postSolution
		{8CB15BEB-6574-4EA4-B40F-2CCE61A576E0}.Debug|Any CPU.ActiveCfg = Debug|Any CPU
		{8CB15BEB-6574-4EA4-B40F-2CCE61A576E0}.Debug|Any CPU.Build.0 = Debug|Any CPU
		{8CB15BEB-6574-4EA4-B40F-2CCE61A576E0}.Release|Any CPU.ActiveCfg = Release|Any CPU
		{8CB15BEB-6574-4EA4-B40F-2CCE61A576E0}.Release|Any CPU.Build.0 = Release|Any CPU
	EndGlobalSection
	GlobalSection(SolutionProperties) = preSolution
		HideSolutionNode = FALSE
	EndGlobalSection
	GlobalSection(ExtensibilityGlobals) = postSolution
		SolutionGuid = {2BB26997-680D-40F6-8F8B-5F375F1DC69F}
	EndGlobalSection
EndGlobal
